// !$*UTF8*$!
{
	archiveVersion = 1;
	classes = {
	};
	objectVersion = 55;
	objects = {

/* Begin PBXBuildFile section */
		DEA85197288BFCCE00F9ED24 /* MovieBook_JSON_RestAPI_SwiftUIApp.swift in Sources */ = {isa = PBXBuildFile; fileRef = DEA85196288BFCCE00F9ED24 /* MovieBook_JSON_RestAPI_SwiftUIApp.swift */; };
		DEA85199288BFCCE00F9ED24 /* HomeView.swift in Sources */ = {isa = PBXBuildFile; fileRef = DEA85198288BFCCE00F9ED24 /* HomeView.swift */; };
		DEA8519B288BFCD100F9ED24 /* Assets.xcassets in Resources */ = {isa = PBXBuildFile; fileRef = DEA8519A288BFCD100F9ED24 /* Assets.xcassets */; };
		DEA8519E288BFCD100F9ED24 /* Preview Assets.xcassets in Resources */ = {isa = PBXBuildFile; fileRef = DEA8519D288BFCD100F9ED24 /* Preview Assets.xcassets */; };
		DEA851A5288C031800F9ED24 /* Model.swift in Sources */ = {isa = PBXBuildFile; fileRef = DEA851A4288C031800F9ED24 /* Model.swift */; };
		DEA851A7288C048800F9ED24 /* MovieViewModel.swift in Sources */ = {isa = PBXBuildFile; fileRef = DEA851A6288C048800F9ED24 /* MovieViewModel.swift */; };
		DEA851AA288C07A500F9ED24 /* Kingfisher in Frameworks */ = {isa = PBXBuildFile; productRef = DEA851A9288C07A500F9ED24 /* Kingfisher */; };
		DEA851B0288C088E00F9ED24 /* DetailView.swift in Sources */ = {isa = PBXBuildFile; fileRef = DEA851AF288C088E00F9ED24 /* DetailView.swift */; };
		DEA851B3288C08A200F9ED24 /* ListRowView.swift in Sources */ = {isa = PBXBuildFile; fileRef = DEA851B2288C08A200F9ED24 /* ListRowView.swift */; };
/* End PBXBuildFile section */

/* Begin PBXFileReference section */
		DEA85193288BFCCE00F9ED24 /* MovieBook(JSON-RestAPI)SwiftUI.app */ = {isa = PBXFileReference; explicitFileType = wrapper.application; includeInIndex = 0; path = "MovieBook(JSON-RestAPI)SwiftUI.app"; sourceTree = BUILT_PRODUCTS_DIR; };
		DEA85196288BFCCE00F9ED24 /* MovieBook_JSON_RestAPI_SwiftUIApp.swift */ = {isa = PBXFileReference; lastKnownFileType = sourcecode.swift; path = MovieBook_JSON_RestAPI_SwiftUIApp.swift; sourceTree = "<group>"; };
		DEA85198288BFCCE00F9ED24 /* HomeView.swift */ = {isa = PBXFileReference; lastKnownFileType = sourcecode.swift; path = HomeView.swift; sourceTree = "<group>"; };
		DEA8519A288BFCD100F9ED24 /* Assets.xcassets */ = {isa = PBXFileReference; lastKnownFileType = folder.assetcatalog; path = Assets.xcassets; sourceTree = "<group>"; };
		DEA8519D288BFCD100F9ED24 /* Preview Assets.xcassets */ = {isa = PBXFileReference; lastKnownFileType = folder.assetcatalog; path = "Preview Assets.xcassets"; sourceTree = "<group>"; };
		DEA851A4288C031800F9ED24 /* Model.swift */ = {isa = PBXFileReference; lastKnownFileType = sourcecode.swift; path = Model.swift; sourceTree = "<group>"; };
		DEA851A6288C048800F9ED24 /* MovieViewModel.swift */ = {isa = PBXFileReference; lastKnownFileType = sourcecode.swift; path = MovieViewModel.swift; sourceTree = "<group>"; };
		DEA851AF288C088E00F9ED24 /* DetailView.swift */ = {isa = PBXFileReference; lastKnownFileType = sourcecode.swift; path = DetailView.swift; sourceTree = "<group>"; };
		DEA851B2288C08A200F9ED24 /* ListRowView.swift */ = {isa = PBXFileReference; lastKnownFileType = sourcecode.swift; path = ListRowView.swift; sourceTree = "<group>"; };
/* End PBXFileReference section */

/* Begin PBXFrameworksBuildPhase section */
		DEA85190288BFCCE00F9ED24 /* Frameworks */ = {
			isa = PBXFrameworksBuildPhase;
			buildActionMask = 2147483647;
			files = (
				DEA851AA288C07A500F9ED24 /* Kingfisher in Frameworks */,
			);
			runOnlyForDeploymentPostprocessing = 0;
		};
/* End PBXFrameworksBuildPhase section */

/* Begin PBXGroup section */
		DEA8518A288BFCCE00F9ED24 = {
			isa = PBXGroup;
			children = (
				DEA85195288BFCCE00F9ED24 /* MovieBook(JSON-RestAPI)SwiftUI */,
				DEA85194288BFCCE00F9ED24 /* Products */,
			);
			sourceTree = "<group>";
		};
		DEA85194288BFCCE00F9ED24 /* Products */ = {
			isa = PBXGroup;
			children = (
				DEA85193288BFCCE00F9ED24 /* MovieBook(JSON-RestAPI)SwiftUI.app */,
			);
			name = Products;
			sourceTree = "<group>";
		};
		DEA85195288BFCCE00F9ED24 /* MovieBook(JSON-RestAPI)SwiftUI */ = {
			isa = PBXGroup;
			children = (
				DEA851AE288C087300F9ED24 /* Resources */,
				DEA851AD288C086E00F9ED24 /* ViewModel */,
				DEA851AC288C086900F9ED24 /* View */,
				DEA851AB288C086600F9ED24 /* Model */,
				DEA8519C288BFCD100F9ED24 /* Preview Content */,
			);
			path = "MovieBook(JSON-RestAPI)SwiftUI";
			sourceTree = "<group>";
		};
		DEA8519C288BFCD100F9ED24 /* Preview Content */ = {
			isa = PBXGroup;
			children = (
				DEA8519D288BFCD100F9ED24 /* Preview Assets.xcassets */,
			);
			path = "Preview Content";
			sourceTree = "<group>";
		};
		DEA851AB288C086600F9ED24 /* Model */ = {
			isa = PBXGroup;
			children = (
				DEA851A4288C031800F9ED24 /* Model.swift */,
			);
			path = Model;
			sourceTree = "<group>";
		};
		DEA851AC288C086900F9ED24 /* View */ = {
			isa = PBXGroup;
			children = (
				DEA851B1288C089100F9ED24 /* CustomViews */,
				DEA85198288BFCCE00F9ED24 /* HomeView.swift */,
				DEA851AF288C088E00F9ED24 /* DetailView.swift */,
			);
			path = View;
			sourceTree = "<group>";
		};
		DEA851AD288C086E00F9ED24 /* ViewModel */ = {
			isa = PBXGroup;
			children = (
				DEA851A6288C048800F9ED24 /* MovieViewModel.swift */,
			);
			path = ViewModel;
			sourceTree = "<group>";
		};
		DEA851AE288C087300F9ED24 /* Resources */ = {
			isa = PBXGroup;
			children = (
				DEA8519A288BFCD100F9ED24 /* Assets.xcassets */,
				DEA85196288BFCCE00F9ED24 /* MovieBook_JSON_RestAPI_SwiftUIApp.swift */,
			);
			path = Resources;
			sourceTree = "<group>";
		};
		DEA851B1288C089100F9ED24 /* CustomViews */ = {
			isa = PBXGroup;
			children = (
				DEA851B2288C08A200F9ED24 /* ListRowView.swift */,
			);
			path = CustomViews;
			sourceTree = "<group>";
		};
/* End PBXGroup section */

/* Begin PBXNativeTarget section */
		DEA85192288BFCCE00F9ED24 /* MovieBook(JSON-RestAPI)SwiftUI */ = {
			isa = PBXNativeTarget;
			buildConfigurationList = DEA851A1288BFCD100F9ED24 /* Build configuration list for PBXNativeTarget "MovieBook(JSON-RestAPI)SwiftUI" */;
			buildPhases = (
				DEA8518F288BFCCE00F9ED24 /* Sources */,
				DEA85190288BFCCE00F9ED24 /* Frameworks */,
				DEA85191288BFCCE00F9ED24 /* Resources */,
			);
			buildRules = (
			);
			dependencies = (
			);
			name = "MovieBook(JSON-RestAPI)SwiftUI";
			packageProductDependencies = (
				DEA851A9288C07A500F9ED24 /* Kingfisher */,
			);
			productName = "MovieBook(JSON-RestAPI)SwiftUI";
			productReference = DEA85193288BFCCE00F9ED24 /* MovieBook(JSON-RestAPI)SwiftUI.app */;
			productType = "com.apple.product-type.application";
		};
/* End PBXNativeTarget section */

/* Begin PBXProject section */
		DEA8518B288BFCCE00F9ED24 /* Project object */ = {
			isa = PBXProject;
			attributes = {
				BuildIndependentTargetsInParallel = 1;
				LastSwiftUpdateCheck = 1340;
				LastUpgradeCheck = 1340;
				TargetAttributes = {
					DEA85192288BFCCE00F9ED24 = {
						CreatedOnToolsVersion = 13.4.1;
					};
				};
			};
			buildConfigurationList = DEA8518E288BFCCE00F9ED24 /* Build configuration list for PBXProject "MovieBook(JSON-RestAPI)SwiftUI" */;
			compatibilityVersion = "Xcode 13.0";
			developmentRegion = en;
			hasScannedForEncodings = 0;
			knownRegions = (
				en,
				Base,
			);
			mainGroup = DEA8518A288BFCCE00F9ED24;
			packageReferences = (
				DEA851A8288C07A500F9ED24 /* XCRemoteSwiftPackageReference "Kingfisher" */,
			);
			productRefGroup = DEA85194288BFCCE00F9ED24 /* Products */;
			projectDirPath = "";
			projectRoot = "";
			targets = (
				DEA85192288BFCCE00F9ED24 /* MovieBook(JSON-RestAPI)SwiftUI */,
			);
		};
/* End PBXProject section */

/* Begin PBXResourcesBuildPhase section */
		DEA85191288BFCCE00F9ED24 /* Resources */ = {
			isa = PBXResourcesBuildPhase;
			buildActionMask = 2147483647;
			files = (
				DEA8519E288BFCD100F9ED24 /* Preview Assets.xcassets in Resources */,
				DEA8519B288BFCD100F9ED24 /* Assets.xcassets in Resources */,
			);
			runOnlyForDeploymentPostprocessing = 0;
		};
/* End PBXResourcesBuildPhase section */

/* Begin PBXSourcesBuildPhase section */
		DEA8518F288BFCCE00F9ED24 /* Sources */ = {
			isa = PBXSourcesBuildPhase;
			buildActionMask = 2147483647;
			files = (
				DEA851A5288C031800F9ED24 /* Model.swift in Sources */,
				DEA85199288BFCCE00F9ED24 /* HomeView.swift in Sources */,
				DEA85197288BFCCE00F9ED24 /* MovieBook_JSON_RestAPI_SwiftUIApp.swift in Sources */,
				DEA851B0288C088E00F9ED24 /* DetailView.swift in Sources */,
				DEA851A7288C048800F9ED24 /* MovieViewModel.swift in Sources */,
				DEA851B3288C08A200F9ED24 /* ListRowView.swift in Sources */,
			);
			runOnlyForDeploymentPostprocessing = 0;
		};
/* End PBXSourcesBuildPhase section */

/* Begin XCBuildConfiguration section */
		DEA8519F288BFCD100F9ED24 /* Debug */ = {
			isa = XCBuildConfiguration;
			buildSettings = {
				ALWAYS_SEARCH_USER_PATHS = NO;
				CLANG_ANALYZER_NONNULL = YES;
				CLANG_ANALYZER_NUMBER_OBJECT_CONVERSION = YES_AGGRESSIVE;
				CLANG_CXX_LANGUAGE_STANDARD = "gnu++17";
				CLANG_ENABLE_MODULES = YES;
				CLANG_ENABLE_OBJC_ARC = YES;
				CLANG_ENABLE_OBJC_WEAK = YES;
				CLANG_WARN_BLOCK_CAPTURE_AUTORELEASING = YES;
				CLANG_WARN_BOOL_CONVERSION = YES;
				CLANG_WARN_COMMA = YES;
				CLANG_WARN_CONSTANT_CONVERSION = YES;
				CLANG_WARN_DEPRECATED_OBJC_IMPLEMENTATIONS = YES;
				CLANG_WARN_DIRECT_OBJC_ISA_USAGE = YES_ERROR;
				CLANG_WARN_DOCUMENTATION_COMMENTS = YES;
				CLANG_WARN_EMPTY_BODY = YES;
				CLANG_WARN_ENUM_CONVERSION = YES;
				CLANG_WARN_INFINITE_RECURSION = YES;
				CLANG_WARN_INT_CONVERSION = YES;
				CLANG_WARN_NON_LITERAL_NULL_CONVERSION = YES;
				CLANG_WARN_OBJC_IMPLICIT_RETAIN_SELF = YES;
				CLANG_WARN_OBJC_LITERAL_CONVERSION = YES;
				CLANG_WARN_OBJC_ROOT_CLASS = YES_ERROR;
				CLANG_WARN_QUOTED_INCLUDE_IN_FRAMEWORK_HEADER = YES;
				CLANG_WARN_RANGE_LOOP_ANALYSIS = YES;
				CLANG_WARN_STRICT_PROTOTYPES = YES;
				CLANG_WARN_SUSPICIOUS_MOVE = YES;
				CLANG_WARN_UNGUARDED_AVAILABILITY = YES_AGGRESSIVE;
				CLANG_WARN_UNREACHABLE_CODE = YES;
				CLANG_WARN__DUPLICATE_METHOD_MATCH = YES;
				COPY_PHASE_STRIP = NO;
				DEBUG_INFORMATION_FORMAT = dwarf;
				ENABLE_STRICT_OBJC_MSGSEND = YES;
				ENABLE_TESTABILITY = YES;
				GCC_C_LANGUAGE_STANDARD = gnu11;
				GCC_DYNAMIC_NO_PIC = NO;
				GCC_NO_COMMON_BLOCKS = YES;
				GCC_OPTIMIZATION_LEVEL = 0;
				GCC_PREPROCESSOR_DEFINITIONS = (
					"DEBUG=1",
					"$(inherited)",
				);
				GCC_WARN_64_TO_32_BIT_CONVERSION = YES;
				GCC_WARN_ABOUT_RETURN_TYPE = YES_ERROR;
				GCC_WARN_UNDECLARED_SELECTOR = YES;
				GCC_WARN_UNINITIALIZED_AUTOS = YES_AGGRESSIVE;
				GCC_WARN_UNUSED_FUNCTION = YES;
				GCC_WARN_UNUSED_VARIABLE = YES;
				IPHONEOS_DEPLOYMENT_TARGET = 15.5;
				MTL_ENABLE_DEBUG_INFO = INCLUDE_SOURCE;
				MTL_FAST_MATH = YES;
				ONLY_ACTIVE_ARCH = YES;
				SDKROOT = iphoneos;
				SWIFT_ACTIVE_COMPILATION_CONDITIONS = DEBUG;
				SWIFT_OPTIMIZATION_LEVEL = "-Onone";
			};
			name = Debug;
		};
		DEA851A0288BFCD100F9ED24 /* Release */ = {
			isa = XCBuildConfiguration;
			buildSettings = {
				ALWAYS_SEARCH_USER_PATHS = NO;
				CLANG_ANALYZER_NONNULL = YES;
				CLANG_ANALYZER_NUMBER_OBJECT_CONVERSION = YES_AGGRESSIVE;
				CLANG_CXX_LANGUAGE_STANDARD = "gnu++17";
				CLANG_ENABLE_MODULES = YES;
				CLANG_ENABLE_OBJC_ARC = YES;
				CLANG_ENABLE_OBJC_WEAK = YES;
				CLANG_WARN_BLOCK_CAPTURE_AUTORELEASING = YES;
				CLANG_WARN_BOOL_CONVERSION = YES;
				CLANG_WARN_COMMA = YES;
				CLANG_WARN_CONSTANT_CONVERSION = YES;
				CLANG_WARN_DEPRECATED_OBJC_IMPLEMENTATIONS = YES;
				CLANG_WARN_DIRECT_OBJC_ISA_USAGE = YES_ERROR;
				CLANG_WARN_DOCUMENTATION_COMMENTS = YES;
				CLANG_WARN_EMPTY_BODY = YES;
				CLANG_WARN_ENUM_CONVERSION = YES;
				CLANG_WARN_INFINITE_RECURSION = YES;
				CLANG_WARN_INT_CONVERSION = YES;
				CLANG_WARN_NON_LITERAL_NULL_CONVERSION = YES;
				CLANG_WARN_OBJC_IMPLICIT_RETAIN_SELF = YES;
				CLANG_WARN_OBJC_LITERAL_CONVERSION = YES;
				CLANG_WARN_OBJC_ROOT_CLASS = YES_ERROR;
				CLANG_WARN_QUOTED_INCLUDE_IN_FRAMEWORK_HEADER = YES;
				CLANG_WARN_RANGE_LOOP_ANALYSIS = YES;
				CLANG_WARN_STRICT_PROTOTYPES = YES;
				CLANG_WARN_SUSPICIOUS_MOVE = YES;
				CLANG_WARN_UNGUARDED_AVAILABILITY = YES_AGGRESSIVE;
				CLANG_WARN_UNREACHABLE_CODE = YES;
				CLANG_WARN__DUPLICATE_METHOD_MATCH = YES;
				COPY_PHASE_STRIP = NO;
				DEBUG_INFORMATION_FORMAT = "dwarf-with-dsym";
				ENABLE_NS_ASSERTIONS = NO;
				ENABLE_STRICT_OBJC_MSGSEND = YES;
				GCC_C_LANGUAGE_STANDARD = gnu11;
				GCC_NO_COMMON_BLOCKS = YES;
				GCC_WARN_64_TO_32_BIT_CONVERSION = YES;
				GCC_WARN_ABOUT_RETURN_TYPE = YES_ERROR;
				GCC_WARN_UNDECLARED_SELECTOR = YES;
				GCC_WARN_UNINITIALIZED_AUTOS = YES_AGGRESSIVE;
				GCC_WARN_UNUSED_FUNCTION = YES;
				GCC_WARN_UNUSED_VARIABLE = YES;
				IPHONEOS_DEPLOYMENT_TARGET = 15.5;
				MTL_ENABLE_DEBUG_INFO = NO;
				MTL_FAST_MATH = YES;
				SDKROOT = iphoneos;
				SWIFT_COMPILATION_MODE = wholemodule;
				SWIFT_OPTIMIZATION_LEVEL = "-O";
				VALIDATE_PRODUCT = YES;
			};
			name = Release;
		};
		DEA851A2288BFCD100F9ED24 /* Debug */ = {
			isa = XCBuildConfiguration;
			buildSettings = {
				ASSETCATALOG_COMPILER_APPICON_NAME = AppIcon;
				ASSETCATALOG_COMPILER_GLOBAL_ACCENT_COLOR_NAME = AccentColor;
				CODE_SIGN_STYLE = Automatic;
				CURRENT_PROJECT_VERSION = 1;
				DEVELOPMENT_ASSET_PATHS = "\"MovieBook(JSON-RestAPI)SwiftUI/Preview Content\"";
				DEVELOPMENT_TEAM = 7CRNJ953YN;
				ENABLE_PREVIEWS = YES;
				GENERATE_INFOPLIST_FILE = YES;
				INFOPLIST_KEY_UIApplicationSceneManifest_Generation = YES;
				INFOPLIST_KEY_UIApplicationSupportsIndirectInputEvents = YES;
				INFOPLIST_KEY_UILaunchScreen_Generation = YES;
				INFOPLIST_KEY_UISupportedInterfaceOrientations_iPad = "UIInterfaceOrientationPortrait UIInterfaceOrientationPortraitUpsideDown UIInterfaceOrientationLandscapeLeft UIInterfaceOrientationLandscapeRight";
				INFOPLIST_KEY_UISupportedInterfaceOrientations_iPhone = "UIInterfaceOrientationPortrait UIInterfaceOrientationLandscapeLeft UIInterfaceOrientationLandscapeRight";
				LD_RUNPATH_SEARCH_PATHS = (
					"$(inherited)",
					"@executable_path/Frameworks",
				);
				MARKETING_VERSION = 1.0;
				PRODUCT_BUNDLE_IDENTIFIER = "com.omerKilicaslan.MovieBook-JSON-RestAPI-SwiftUI";
				PRODUCT_NAME = "$(TARGET_NAME)";
				SWIFT_EMIT_LOC_STRINGS = YES;
				SWIFT_VERSION = 5.0;
				TARGETED_DEVICE_FAMILY = "1,2";
			};
			name = Debug;
		};
		DEA851A3288BFCD100F9ED24 /* Release */ = {
			isa = XCBuildConfiguration;
			buildSettings = {
				ASSETCATALOG_COMPILER_APPICON_NAME = AppIcon;
				ASSETCATALOG_COMPILER_GLOBAL_ACCENT_COLOR_NAME = AccentColor;
				CODE_SIGN_STYLE = Automatic;
				CURRENT_PROJECT_VERSION = 1;
				DEVELOPMENT_ASSET_PATHS = "\"MovieBook(JSON-RestAPI)SwiftUI/Preview Content\"";
				DEVELOPMENT_TEAM = 7CRNJ953YN;
				ENABLE_PREVIEWS = YES;
				GENERATE_INFOPLIST_FILE = YES;
				INFOPLIST_KEY_UIApplicationSceneManifest_Generation = YES;
				INFOPLIST_KEY_UIApplicationSupportsIndirectInputEvents = YES;
				INFOPLIST_KEY_UILaunchScreen_Generation = YES;
				INFOPLIST_KEY_UISupportedInterfaceOrientations_iPad = "UIInterfaceOrientationPortrait UIInterfaceOrientationPortraitUpsideDown UIInterfaceOrientationLandscapeLeft UIInterfaceOrientationLandscapeRight";
				INFOPLIST_KEY_UISupportedInterfaceOrientations_iPhone = "UIInterfaceOrientationPortrait UIInterfaceOrientationLandscapeLeft UIInterfaceOrientationLandscapeRight";
				LD_RUNPATH_SEARCH_PATHS = (
					"$(inherited)",
					"@executable_path/Frameworks",
				);
				MARKETING_VERSION = 1.0;
				PRODUCT_BUNDLE_IDENTIFIER = "com.omerKilicaslan.MovieBook-JSON-RestAPI-SwiftUI";
				PRODUCT_NAME = "$(TARGET_NAME)";
				SWIFT_EMIT_LOC_STRINGS = YES;
				SWIFT_VERSION = 5.0;
				TARGETED_DEVICE_FAMILY = "1,2";
			};
			name = Release;
		};
/* End XCBuildConfiguration section */

/* Begin XCConfigurationList section */
		DEA8518E288BFCCE00F9ED24 /* Build configuration list for PBXProject "MovieBook(JSON-RestAPI)SwiftUI" */ = {
			isa = XCConfigurationList;
			buildConfigurations = (
				DEA8519F288BFCD100F9ED24 /* Debug */,
				DEA851A0288BFCD100F9ED24 /* Release */,
			);
			defaultConfigurationIsVisible = 0;
			defaultConfigurationName = Release;
		};
		DEA851A1288BFCD100F9ED24 /* Build configuration list for PBXNativeTarget "MovieBook(JSON-RestAPI)SwiftUI" */ = {
			isa = XCConfigurationList;
			buildConfigurations = (
				DEA851A2288BFCD100F9ED24 /* Debug */,
				DEA851A3288BFCD100F9ED24 /* Release */,
			);
			defaultConfigurationIsVisible = 0;
			defaultConfigurationName = Release;
		};
/* End XCConfigurationList section */

/* Begin XCRemoteSwiftPackageReference section */
		DEA851A8288C07A500F9ED24 /* XCRemoteSwiftPackageReference "Kingfisher" */ = {
			isa = XCRemoteSwiftPackageReference;
			repositoryURL = "https://github.com/onevcat/Kingfisher.git";
			requirement = {
				branch = master;
				kind = branch;
			};
		};
/* End XCRemoteSwiftPackageReference section */

/* Begin XCSwiftPackageProductDependency section */
		DEA851A9288C07A500F9ED24 /* Kingfisher */ = {
			isa = XCSwiftPackageProductDependency;
			package = DEA851A8288C07A500F9ED24 /* XCRemoteSwiftPackageReference "Kingfisher" */;
			productName = Kingfisher;
		};
/* End XCSwiftPackageProductDependency section */
	};
	rootObject = DEA8518B288BFCCE00F9ED24 /* Project object */;
}
